
Microsoft Visual Studio Solution File, Format Version 12.00
# Visual Studio Version 17
VisualStudioVersion = 17.2.32317.152
MinimumVisualStudioVersion = 10.0.40219.1
Project("{2150E333-8FDC-42A3-9474-1A3956D46DE8}") = "UI", "UI", "{3EDA91E2-BBB9-43C6-894A-316F34D64E49}"
EndProject
Project("{9A19103F-16F7-4668-BE54-9A1E7A4F7556}") = "GoStreak.Mobile", "src\UI\GoStreak.Mobile\GoStreak.Mobile.csproj", "{D37680DA-B90D-40A8-9312-46643FF3CED5}"
EndProject
Project("{D954291E-2A0B-460D-934E-DC6B0785DB48}") = "GoStreak.Shared", "src\UI\GoStreak.Shared\GoStreak.Shared.shproj", "{6279C845-92F8-4333-AB99-3D213163593C}"
EndProject
Project("{9A19103F-16F7-4668-BE54-9A1E7A4F7556}") = "GoStreak.Skia.Gtk", "src\UI\GoStreak.Skia.Gtk\GoStreak.Skia.Gtk.csproj", "{2C4B1EB7-CC22-4382-9948-36F8FD3B12AD}"
EndProject
Project("{9A19103F-16F7-4668-BE54-9A1E7A4F7556}") = "GoStreak.Wasm", "src\UI\GoStreak.Wasm\GoStreak.Wasm.csproj", "{1DB09D1D-2186-4DF7-BF16-B31C5A97D3C4}"
EndProject
Project("{9A19103F-16F7-4668-BE54-9A1E7A4F7556}") = "GoStreak.Windows", "src\UI\GoStreak.Windows\GoStreak.Windows.csproj", "{B5435E3F-2CBA-4DB9-9DFF-751902FDF20C}"
EndProject
Project("{2150E333-8FDC-42A3-9474-1A3956D46DE8}") = "WebAPI", "WebAPI", "{51CCF2EE-BC94-4ABC-A763-3E4E8B95932F}"
EndProject
Project("{2150E333-8FDC-42A3-9474-1A3956D46DE8}") = "Common", "Common", "{523A3164-1EFD-490C-B272-1E6D52F7266C}"
EndProject
Project("{2150E333-8FDC-42A3-9474-1A3956D46DE8}") = "Tests", "Tests", "{25B1655E-B3DD-489C-9557-E22E3DAD943A}"
EndProject
Project("{9A19103F-16F7-4668-BE54-9A1E7A4F7556}") = "APITests", "src\Tests\APITests\APITests.csproj", "{94D10463-2379-42E3-B408-719676E84BF0}"
EndProject
Project("{9A19103F-16F7-4668-BE54-9A1E7A4F7556}") = "GoStreakServer", "src\WebAPI\GoStreakServer\GoStreakServer.csproj", "{A3E5C8BE-7019-4C1A-A381-55E15D72BEC2}"
EndProject
Project("{2150E333-8FDC-42A3-9474-1A3956D46DE8}") = "_SolutionFiles", "_SolutionFiles", "{C3913042-229C-4C45-AEB3-315FB1837F92}"
	ProjectSection(SolutionItems) = preProject
		.editorconfig = .editorconfig
		.gitignore = .gitignore
		LICENSE.md = LICENSE.md
		README.md = README.md
	EndProjectSection
EndProject
Project("{FAE04EC0-301F-11D3-BF4B-00C04F79EFBC}") = "ViewModels", "src\Common\ViewModels\ViewModels.csproj", "{3F0371EB-0AC1-4D3D-A1ED-7085A272AF26}"
EndProject
Project("{9A19103F-16F7-4668-BE54-9A1E7A4F7556}") = "Model", "src\Common\Model\Model.csproj", "{EB0E5A6D-2C77-4F42-AA51-49048C11E02B}"
EndProject
Project("{9A19103F-16F7-4668-BE54-9A1E7A4F7556}") = "Database", "src\Common\Database\Database.csproj", "{7698704C-D69F-44BD-9AD8-EDE08CC4C23E}"
EndProject
Global
	GlobalSection(SolutionConfigurationPlatforms) = preSolution
		Debug|Any CPU = Debug|Any CPU
		Debug|ARM = Debug|ARM
		Debug|ARM64 = Debug|ARM64
		Debug|x64 = Debug|x64
		Debug|x86 = Debug|x86
		Release|Any CPU = Release|Any CPU
		Release|ARM = Release|ARM
		Release|ARM64 = Release|ARM64
		Release|x64 = Release|x64
		Release|x86 = Release|x86
	EndGlobalSection
	GlobalSection(ProjectConfigurationPlatforms) = postSolution
		{D37680DA-B90D-40A8-9312-46643FF3CED5}.Debug|Any CPU.ActiveCfg = Debug|Any CPU
		{D37680DA-B90D-40A8-9312-46643FF3CED5}.Debug|Any CPU.Build.0 = Debug|Any CPU
		{D37680DA-B90D-40A8-9312-46643FF3CED5}.Debug|ARM.ActiveCfg = Debug|Any CPU
		{D37680DA-B90D-40A8-9312-46643FF3CED5}.Debug|ARM.Build.0 = Debug|Any CPU
		{D37680DA-B90D-40A8-9312-46643FF3CED5}.Debug|ARM.Deploy.0 = Debug|Any CPU
		{D37680DA-B90D-40A8-9312-46643FF3CED5}.Debug|ARM64.ActiveCfg = Debug|Any CPU
		{D37680DA-B90D-40A8-9312-46643FF3CED5}.Debug|ARM64.Build.0 = Debug|Any CPU
		{D37680DA-B90D-40A8-9312-46643FF3CED5}.Debug|ARM64.Deploy.0 = Debug|Any CPU
		{D37680DA-B90D-40A8-9312-46643FF3CED5}.Debug|x64.ActiveCfg = Debug|Any CPU
		{D37680DA-B90D-40A8-9312-46643FF3CED5}.Debug|x64.Build.0 = Debug|Any CPU
		{D37680DA-B90D-40A8-9312-46643FF3CED5}.Debug|x64.Deploy.0 = Debug|Any CPU
		{D37680DA-B90D-40A8-9312-46643FF3CED5}.Debug|x86.ActiveCfg = Debug|Any CPU
		{D37680DA-B90D-40A8-9312-46643FF3CED5}.Debug|x86.Build.0 = Debug|Any CPU
		{D37680DA-B90D-40A8-9312-46643FF3CED5}.Debug|x86.Deploy.0 = Debug|Any CPU
		{D37680DA-B90D-40A8-9312-46643FF3CED5}.Release|Any CPU.ActiveCfg = Release|Any CPU
		{D37680DA-B90D-40A8-9312-46643FF3CED5}.Release|Any CPU.Build.0 = Release|Any CPU
		{D37680DA-B90D-40A8-9312-46643FF3CED5}.Release|ARM.ActiveCfg = Release|Any CPU
		{D37680DA-B90D-40A8-9312-46643FF3CED5}.Release|ARM.Build.0 = Release|Any CPU
		{D37680DA-B90D-40A8-9312-46643FF3CED5}.Release|ARM.Deploy.0 = Release|Any CPU
		{D37680DA-B90D-40A8-9312-46643FF3CED5}.Release|ARM64.ActiveCfg = Release|Any CPU
		{D37680DA-B90D-40A8-9312-46643FF3CED5}.Release|ARM64.Build.0 = Release|Any CPU
		{D37680DA-B90D-40A8-9312-46643FF3CED5}.Release|ARM64.Deploy.0 = Release|Any CPU
		{D37680DA-B90D-40A8-9312-46643FF3CED5}.Release|x64.ActiveCfg = Release|Any CPU
		{D37680DA-B90D-40A8-9312-46643FF3CED5}.Release|x64.Build.0 = Release|Any CPU
		{D37680DA-B90D-40A8-9312-46643FF3CED5}.Release|x64.Deploy.0 = Release|Any CPU
		{D37680DA-B90D-40A8-9312-46643FF3CED5}.Release|x86.ActiveCfg = Release|Any CPU
		{D37680DA-B90D-40A8-9312-46643FF3CED5}.Release|x86.Build.0 = Release|Any CPU
		{D37680DA-B90D-40A8-9312-46643FF3CED5}.Release|x86.Deploy.0 = Release|Any CPU
		{2C4B1EB7-CC22-4382-9948-36F8FD3B12AD}.Debug|Any CPU.ActiveCfg = Debug|Any CPU
		{2C4B1EB7-CC22-4382-9948-36F8FD3B12AD}.Debug|Any CPU.Build.0 = Debug|Any CPU
		{2C4B1EB7-CC22-4382-9948-36F8FD3B12AD}.Debug|ARM.ActiveCfg = Debug|Any CPU
		{2C4B1EB7-CC22-4382-9948-36F8FD3B12AD}.Debug|ARM.Build.0 = Debug|Any CPU
		{2C4B1EB7-CC22-4382-9948-36F8FD3B12AD}.Debug|ARM64.ActiveCfg = Debug|Any CPU
		{2C4B1EB7-CC22-4382-9948-36F8FD3B12AD}.Debug|ARM64.Build.0 = Debug|Any CPU
		{2C4B1EB7-CC22-4382-9948-36F8FD3B12AD}.Debug|x64.ActiveCfg = Debug|Any CPU
		{2C4B1EB7-CC22-4382-9948-36F8FD3B12AD}.Debug|x64.Build.0 = Debug|Any CPU
		{2C4B1EB7-CC22-4382-9948-36F8FD3B12AD}.Debug|x86.ActiveCfg = Debug|Any CPU
		{2C4B1EB7-CC22-4382-9948-36F8FD3B12AD}.Debug|x86.Build.0 = Debug|Any CPU
		{2C4B1EB7-CC22-4382-9948-36F8FD3B12AD}.Release|Any CPU.ActiveCfg = Release|Any CPU
		{2C4B1EB7-CC22-4382-9948-36F8FD3B12AD}.Release|Any CPU.Build.0 = Release|Any CPU
		{2C4B1EB7-CC22-4382-9948-36F8FD3B12AD}.Release|ARM.ActiveCfg = Release|Any CPU
		{2C4B1EB7-CC22-4382-9948-36F8FD3B12AD}.Release|ARM.Build.0 = Release|Any CPU
		{2C4B1EB7-CC22-4382-9948-36F8FD3B12AD}.Release|ARM64.ActiveCfg = Release|Any CPU
		{2C4B1EB7-CC22-4382-9948-36F8FD3B12AD}.Release|ARM64.Build.0 = Release|Any CPU
		{2C4B1EB7-CC22-4382-9948-36F8FD3B12AD}.Release|x64.ActiveCfg = Release|Any CPU
		{2C4B1EB7-CC22-4382-9948-36F8FD3B12AD}.Release|x64.Build.0 = Release|Any CPU
		{2C4B1EB7-CC22-4382-9948-36F8FD3B12AD}.Release|x86.ActiveCfg = Release|Any CPU
		{2C4B1EB7-CC22-4382-9948-36F8FD3B12AD}.Release|x86.Build.0 = Release|Any CPU
		{1DB09D1D-2186-4DF7-BF16-B31C5A97D3C4}.Debug|Any CPU.ActiveCfg = Debug|Any CPU
		{1DB09D1D-2186-4DF7-BF16-B31C5A97D3C4}.Debug|Any CPU.Build.0 = Debug|Any CPU
		{1DB09D1D-2186-4DF7-BF16-B31C5A97D3C4}.Debug|ARM.ActiveCfg = Debug|Any CPU
		{1DB09D1D-2186-4DF7-BF16-B31C5A97D3C4}.Debug|ARM.Build.0 = Debug|Any CPU
		{1DB09D1D-2186-4DF7-BF16-B31C5A97D3C4}.Debug|ARM64.ActiveCfg = Debug|Any CPU
		{1DB09D1D-2186-4DF7-BF16-B31C5A97D3C4}.Debug|ARM64.Build.0 = Debug|Any CPU
		{1DB09D1D-2186-4DF7-BF16-B31C5A97D3C4}.Debug|x64.ActiveCfg = Debug|Any CPU
		{1DB09D1D-2186-4DF7-BF16-B31C5A97D3C4}.Debug|x64.Build.0 = Debug|Any CPU
		{1DB09D1D-2186-4DF7-BF16-B31C5A97D3C4}.Debug|x86.ActiveCfg = Debug|Any CPU
		{1DB09D1D-2186-4DF7-BF16-B31C5A97D3C4}.Debug|x86.Build.0 = Debug|Any CPU
		{1DB09D1D-2186-4DF7-BF16-B31C5A97D3C4}.Release|Any CPU.ActiveCfg = Release|Any CPU
		{1DB09D1D-2186-4DF7-BF16-B31C5A97D3C4}.Release|Any CPU.Build.0 = Release|Any CPU
		{1DB09D1D-2186-4DF7-BF16-B31C5A97D3C4}.Release|ARM.ActiveCfg = Release|Any CPU
		{1DB09D1D-2186-4DF7-BF16-B31C5A97D3C4}.Release|ARM.Build.0 = Release|Any CPU
		{1DB09D1D-2186-4DF7-BF16-B31C5A97D3C4}.Release|ARM64.ActiveCfg = Release|Any CPU
		{1DB09D1D-2186-4DF7-BF16-B31C5A97D3C4}.Release|ARM64.Build.0 = Release|Any CPU
		{1DB09D1D-2186-4DF7-BF16-B31C5A97D3C4}.Release|x64.ActiveCfg = Release|Any CPU
		{1DB09D1D-2186-4DF7-BF16-B31C5A97D3C4}.Release|x64.Build.0 = Release|Any CPU
		{1DB09D1D-2186-4DF7-BF16-B31C5A97D3C4}.Release|x86.ActiveCfg = Release|Any CPU
		{1DB09D1D-2186-4DF7-BF16-B31C5A97D3C4}.Release|x86.Build.0 = Release|Any CPU
		{B5435E3F-2CBA-4DB9-9DFF-751902FDF20C}.Debug|Any CPU.ActiveCfg = Debug|x64
		{B5435E3F-2CBA-4DB9-9DFF-751902FDF20C}.Debug|Any CPU.Build.0 = Debug|x64
		{B5435E3F-2CBA-4DB9-9DFF-751902FDF20C}.Debug|Any CPU.Deploy.0 = Debug|x64
		{B5435E3F-2CBA-4DB9-9DFF-751902FDF20C}.Debug|ARM.ActiveCfg = Debug|x64
		{B5435E3F-2CBA-4DB9-9DFF-751902FDF20C}.Debug|ARM.Build.0 = Debug|x64
		{B5435E3F-2CBA-4DB9-9DFF-751902FDF20C}.Debug|ARM.Deploy.0 = Debug|x64
		{B5435E3F-2CBA-4DB9-9DFF-751902FDF20C}.Debug|ARM64.ActiveCfg = Debug|arm64
		{B5435E3F-2CBA-4DB9-9DFF-751902FDF20C}.Debug|ARM64.Build.0 = Debug|arm64
		{B5435E3F-2CBA-4DB9-9DFF-751902FDF20C}.Debug|ARM64.Deploy.0 = Debug|arm64
		{B5435E3F-2CBA-4DB9-9DFF-751902FDF20C}.Debug|x64.ActiveCfg = Debug|x64
		{B5435E3F-2CBA-4DB9-9DFF-751902FDF20C}.Debug|x64.Build.0 = Debug|x64
		{B5435E3F-2CBA-4DB9-9DFF-751902FDF20C}.Debug|x64.Deploy.0 = Debug|x64
		{B5435E3F-2CBA-4DB9-9DFF-751902FDF20C}.Debug|x86.ActiveCfg = Debug|x86
		{B5435E3F-2CBA-4DB9-9DFF-751902FDF20C}.Debug|x86.Build.0 = Debug|x86
		{B5435E3F-2CBA-4DB9-9DFF-751902FDF20C}.Debug|x86.Deploy.0 = Debug|x86
		{B5435E3F-2CBA-4DB9-9DFF-751902FDF20C}.Release|Any CPU.ActiveCfg = Release|x64
		{B5435E3F-2CBA-4DB9-9DFF-751902FDF20C}.Release|Any CPU.Build.0 = Release|x64
		{B5435E3F-2CBA-4DB9-9DFF-751902FDF20C}.Release|Any CPU.Deploy.0 = Release|x64
		{B5435E3F-2CBA-4DB9-9DFF-751902FDF20C}.Release|ARM.ActiveCfg = Release|x64
		{B5435E3F-2CBA-4DB9-9DFF-751902FDF20C}.Release|ARM.Build.0 = Release|x64
		{B5435E3F-2CBA-4DB9-9DFF-751902FDF20C}.Release|ARM.Deploy.0 = Release|x64
		{B5435E3F-2CBA-4DB9-9DFF-751902FDF20C}.Release|ARM64.ActiveCfg = Release|arm64
		{B5435E3F-2CBA-4DB9-9DFF-751902FDF20C}.Release|ARM64.Build.0 = Release|arm64
		{B5435E3F-2CBA-4DB9-9DFF-751902FDF20C}.Release|ARM64.Deploy.0 = Release|arm64
		{B5435E3F-2CBA-4DB9-9DFF-751902FDF20C}.Release|x64.ActiveCfg = Release|x64
		{B5435E3F-2CBA-4DB9-9DFF-751902FDF20C}.Release|x64.Build.0 = Release|x64
		{B5435E3F-2CBA-4DB9-9DFF-751902FDF20C}.Release|x64.Deploy.0 = Release|x64
		{B5435E3F-2CBA-4DB9-9DFF-751902FDF20C}.Release|x86.ActiveCfg = Release|x86
		{B5435E3F-2CBA-4DB9-9DFF-751902FDF20C}.Release|x86.Build.0 = Release|x86
		{B5435E3F-2CBA-4DB9-9DFF-751902FDF20C}.Release|x86.Deploy.0 = Release|x86
		{94D10463-2379-42E3-B408-719676E84BF0}.Debug|Any CPU.ActiveCfg = Debug|Any CPU
		{94D10463-2379-42E3-B408-719676E84BF0}.Debug|Any CPU.Build.0 = Debug|Any CPU
		{94D10463-2379-42E3-B408-719676E84BF0}.Debug|ARM.ActiveCfg = Debug|Any CPU
		{94D10463-2379-42E3-B408-719676E84BF0}.Debug|ARM.Build.0 = Debug|Any CPU
		{94D10463-2379-42E3-B408-719676E84BF0}.Debug|ARM64.ActiveCfg = Debug|Any CPU
		{94D10463-2379-42E3-B408-719676E84BF0}.Debug|ARM64.Build.0 = Debug|Any CPU
		{94D10463-2379-42E3-B408-719676E84BF0}.Debug|x64.ActiveCfg = Debug|Any CPU
		{94D10463-2379-42E3-B408-719676E84BF0}.Debug|x64.Build.0 = Debug|Any CPU
		{94D10463-2379-42E3-B408-719676E84BF0}.Debug|x86.ActiveCfg = Debug|Any CPU
		{94D10463-2379-42E3-B408-719676E84BF0}.Debug|x86.Build.0 = Debug|Any CPU
		{94D10463-2379-42E3-B408-719676E84BF0}.Release|Any CPU.ActiveCfg = Release|Any CPU
		{94D10463-2379-42E3-B408-719676E84BF0}.Release|Any CPU.Build.0 = Release|Any CPU
		{94D10463-2379-42E3-B408-719676E84BF0}.Release|ARM.ActiveCfg = Release|Any CPU
		{94D10463-2379-42E3-B408-719676E84BF0}.Release|ARM.Build.0 = Release|Any CPU
		{94D10463-2379-42E3-B408-719676E84BF0}.Release|ARM64.ActiveCfg = Release|Any CPU
		{94D10463-2379-42E3-B408-719676E84BF0}.Release|ARM64.Build.0 = Release|Any CPU
		{94D10463-2379-42E3-B408-719676E84BF0}.Release|x64.ActiveCfg = Release|Any CPU
		{94D10463-2379-42E3-B408-719676E84BF0}.Release|x64.Build.0 = Release|Any CPU
		{94D10463-2379-42E3-B408-719676E84BF0}.Release|x86.ActiveCfg = Release|Any CPU
		{94D10463-2379-42E3-B408-719676E84BF0}.Release|x86.Build.0 = Release|Any CPU
		{A3E5C8BE-7019-4C1A-A381-55E15D72BEC2}.Debug|Any CPU.ActiveCfg = Debug|Any CPU
		{A3E5C8BE-7019-4C1A-A381-55E15D72BEC2}.Debug|Any CPU.Build.0 = Debug|Any CPU
		{A3E5C8BE-7019-4C1A-A381-55E15D72BEC2}.Debug|ARM.ActiveCfg = Debug|Any CPU
		{A3E5C8BE-7019-4C1A-A381-55E15D72BEC2}.Debug|ARM.Build.0 = Debug|Any CPU
		{A3E5C8BE-7019-4C1A-A381-55E15D72BEC2}.Debug|ARM64.ActiveCfg = Debug|Any CPU
		{A3E5C8BE-7019-4C1A-A381-55E15D72BEC2}.Debug|ARM64.Build.0 = Debug|Any CPU
		{A3E5C8BE-7019-4C1A-A381-55E15D72BEC2}.Debug|x64.ActiveCfg = Debug|Any CPU
		{A3E5C8BE-7019-4C1A-A381-55E15D72BEC2}.Debug|x64.Build.0 = Debug|Any CPU
		{A3E5C8BE-7019-4C1A-A381-55E15D72BEC2}.Debug|x86.ActiveCfg = Debug|Any CPU
		{A3E5C8BE-7019-4C1A-A381-55E15D72BEC2}.Debug|x86.Build.0 = Debug|Any CPU
		{A3E5C8BE-7019-4C1A-A381-55E15D72BEC2}.Release|Any CPU.ActiveCfg = Release|Any CPU
		{A3E5C8BE-7019-4C1A-A381-55E15D72BEC2}.Release|Any CPU.Build.0 = Release|Any CPU
		{A3E5C8BE-7019-4C1A-A381-55E15D72BEC2}.Release|ARM.ActiveCfg = Release|Any CPU
		{A3E5C8BE-7019-4C1A-A381-55E15D72BEC2}.Release|ARM.Build.0 = Release|Any CPU
		{A3E5C8BE-7019-4C1A-A381-55E15D72BEC2}.Release|ARM64.ActiveCfg = Release|Any CPU
		{A3E5C8BE-7019-4C1A-A381-55E15D72BEC2}.Release|ARM64.Build.0 = Release|Any CPU
		{A3E5C8BE-7019-4C1A-A381-55E15D72BEC2}.Release|x64.ActiveCfg = Release|Any CPU
		{A3E5C8BE-7019-4C1A-A381-55E15D72BEC2}.Release|x64.Build.0 = Release|Any CPU
		{A3E5C8BE-7019-4C1A-A381-55E15D72BEC2}.Release|x86.ActiveCfg = Release|Any CPU
		{A3E5C8BE-7019-4C1A-A381-55E15D72BEC2}.Release|x86.Build.0 = Release|Any CPU
		{3F0371EB-0AC1-4D3D-A1ED-7085A272AF26}.Debug|Any CPU.ActiveCfg = Debug|Any CPU
		{3F0371EB-0AC1-4D3D-A1ED-7085A272AF26}.Debug|Any CPU.Build.0 = Debug|Any CPU
		{3F0371EB-0AC1-4D3D-A1ED-7085A272AF26}.Debug|ARM.ActiveCfg = Debug|Any CPU
		{3F0371EB-0AC1-4D3D-A1ED-7085A272AF26}.Debug|ARM.Build.0 = Debug|Any CPU
		{3F0371EB-0AC1-4D3D-A1ED-7085A272AF26}.Debug|ARM64.ActiveCfg = Debug|Any CPU
		{3F0371EB-0AC1-4D3D-A1ED-7085A272AF26}.Debug|ARM64.Build.0 = Debug|Any CPU
		{3F0371EB-0AC1-4D3D-A1ED-7085A272AF26}.Debug|x64.ActiveCfg = Debug|Any CPU
		{3F0371EB-0AC1-4D3D-A1ED-7085A272AF26}.Debug|x64.Build.0 = Debug|Any CPU
		{3F0371EB-0AC1-4D3D-A1ED-7085A272AF26}.Debug|x86.ActiveCfg = Debug|Any CPU
		{3F0371EB-0AC1-4D3D-A1ED-7085A272AF26}.Debug|x86.Build.0 = Debug|Any CPU
		{3F0371EB-0AC1-4D3D-A1ED-7085A272AF26}.Release|Any CPU.ActiveCfg = Release|Any CPU
		{3F0371EB-0AC1-4D3D-A1ED-7085A272AF26}.Release|Any CPU.Build.0 = Release|Any CPU
		{3F0371EB-0AC1-4D3D-A1ED-7085A272AF26}.Release|ARM.ActiveCfg = Release|Any CPU
		{3F0371EB-0AC1-4D3D-A1ED-7085A272AF26}.Release|ARM.Build.0 = Release|Any CPU
		{3F0371EB-0AC1-4D3D-A1ED-7085A272AF26}.Release|ARM64.ActiveCfg = Release|Any CPU
		{3F0371EB-0AC1-4D3D-A1ED-7085A272AF26}.Release|ARM64.Build.0 = Release|Any CPU
		{3F0371EB-0AC1-4D3D-A1ED-7085A272AF26}.Release|x64.ActiveCfg = Release|Any CPU
		{3F0371EB-0AC1-4D3D-A1ED-7085A272AF26}.Release|x64.Build.0 = Release|Any CPU
		{3F0371EB-0AC1-4D3D-A1ED-7085A272AF26}.Release|x86.ActiveCfg = Release|Any CPU
		{3F0371EB-0AC1-4D3D-A1ED-7085A272AF26}.Release|x86.Build.0 = Release|Any CPU
		{EB0E5A6D-2C77-4F42-AA51-49048C11E02B}.Debug|Any CPU.ActiveCfg = Debug|Any CPU
		{EB0E5A6D-2C77-4F42-AA51-49048C11E02B}.Debug|Any CPU.Build.0 = Debug|Any CPU
		{EB0E5A6D-2C77-4F42-AA51-49048C11E02B}.Debug|ARM.ActiveCfg = Debug|Any CPU
		{EB0E5A6D-2C77-4F42-AA51-49048C11E02B}.Debug|ARM.Build.0 = Debug|Any CPU
		{EB0E5A6D-2C77-4F42-AA51-49048C11E02B}.Debug|ARM64.ActiveCfg = Debug|Any CPU
		{EB0E5A6D-2C77-4F42-AA51-49048C11E02B}.Debug|ARM64.Build.0 = Debug|Any CPU
		{EB0E5A6D-2C77-4F42-AA51-49048C11E02B}.Debug|x64.ActiveCfg = Debug|Any CPU
		{EB0E5A6D-2C77-4F42-AA51-49048C11E02B}.Debug|x64.Build.0 = Debug|Any CPU
		{EB0E5A6D-2C77-4F42-AA51-49048C11E02B}.Debug|x86.ActiveCfg = Debug|Any CPU
		{EB0E5A6D-2C77-4F42-AA51-49048C11E02B}.Debug|x86.Build.0 = Debug|Any CPU
		{EB0E5A6D-2C77-4F42-AA51-49048C11E02B}.Release|Any CPU.ActiveCfg = Release|Any CPU
		{EB0E5A6D-2C77-4F42-AA51-49048C11E02B}.Release|Any CPU.Build.0 = Release|Any CPU
		{EB0E5A6D-2C77-4F42-AA51-49048C11E02B}.Release|ARM.ActiveCfg = Release|Any CPU
		{EB0E5A6D-2C77-4F42-AA51-49048C11E02B}.Release|ARM.Build.0 = Release|Any CPU
		{EB0E5A6D-2C77-4F42-AA51-49048C11E02B}.Release|ARM64.ActiveCfg = Release|Any CPU
		{EB0E5A6D-2C77-4F42-AA51-49048C11E02B}.Release|ARM64.Build.0 = Release|Any CPU
		{EB0E5A6D-2C77-4F42-AA51-49048C11E02B}.Release|x64.ActiveCfg = Release|Any CPU
		{EB0E5A6D-2C77-4F42-AA51-49048C11E02B}.Release|x64.Build.0 = Release|Any CPU
		{EB0E5A6D-2C77-4F42-AA51-49048C11E02B}.Release|x86.ActiveCfg = Release|Any CPU
		{EB0E5A6D-2C77-4F42-AA51-49048C11E02B}.Release|x86.Build.0 = Release|Any CPU
		{7698704C-D69F-44BD-9AD8-EDE08CC4C23E}.Debug|Any CPU.ActiveCfg = Debug|Any CPU
		{7698704C-D69F-44BD-9AD8-EDE08CC4C23E}.Debug|Any CPU.Build.0 = Debug|Any CPU
		{7698704C-D69F-44BD-9AD8-EDE08CC4C23E}.Debug|ARM.ActiveCfg = Debug|Any CPU
		{7698704C-D69F-44BD-9AD8-EDE08CC4C23E}.Debug|ARM.Build.0 = Debug|Any CPU
		{7698704C-D69F-44BD-9AD8-EDE08CC4C23E}.Debug|ARM64.ActiveCfg = Debug|Any CPU
		{7698704C-D69F-44BD-9AD8-EDE08CC4C23E}.Debug|ARM64.Build.0 = Debug|Any CPU
		{7698704C-D69F-44BD-9AD8-EDE08CC4C23E}.Debug|x64.ActiveCfg = Debug|Any CPU
		{7698704C-D69F-44BD-9AD8-EDE08CC4C23E}.Debug|x64.Build.0 = Debug|Any CPU
		{7698704C-D69F-44BD-9AD8-EDE08CC4C23E}.Debug|x86.ActiveCfg = Debug|Any CPU
		{7698704C-D69F-44BD-9AD8-EDE08CC4C23E}.Debug|x86.Build.0 = Debug|Any CPU
		{7698704C-D69F-44BD-9AD8-EDE08CC4C23E}.Release|Any CPU.ActiveCfg = Release|Any CPU
		{7698704C-D69F-44BD-9AD8-EDE08CC4C23E}.Release|Any CPU.Build.0 = Release|Any CPU
		{7698704C-D69F-44BD-9AD8-EDE08CC4C23E}.Release|ARM.ActiveCfg = Release|Any CPU
		{7698704C-D69F-44BD-9AD8-EDE08CC4C23E}.Release|ARM.Build.0 = Release|Any CPU
		{7698704C-D69F-44BD-9AD8-EDE08CC4C23E}.Release|ARM64.ActiveCfg = Release|Any CPU
		{7698704C-D69F-44BD-9AD8-EDE08CC4C23E}.Release|ARM64.Build.0 = Release|Any CPU
		{7698704C-D69F-44BD-9AD8-EDE08CC4C23E}.Release|x64.ActiveCfg = Release|Any CPU
		{7698704C-D69F-44BD-9AD8-EDE08CC4C23E}.Release|x64.Build.0 = Release|Any CPU
		{7698704C-D69F-44BD-9AD8-EDE08CC4C23E}.Release|x86.ActiveCfg = Release|Any CPU
		{7698704C-D69F-44BD-9AD8-EDE08CC4C23E}.Release|x86.Build.0 = Release|Any CPU
	EndGlobalSection
	GlobalSection(SolutionProperties) = preSolution
		HideSolutionNode = FALSE
	EndGlobalSection
	GlobalSection(NestedProjects) = preSolution
		{D37680DA-B90D-40A8-9312-46643FF3CED5} = {3EDA91E2-BBB9-43C6-894A-316F34D64E49}
		{6279C845-92F8-4333-AB99-3D213163593C} = {3EDA91E2-BBB9-43C6-894A-316F34D64E49}
		{2C4B1EB7-CC22-4382-9948-36F8FD3B12AD} = {3EDA91E2-BBB9-43C6-894A-316F34D64E49}
		{1DB09D1D-2186-4DF7-BF16-B31C5A97D3C4} = {3EDA91E2-BBB9-43C6-894A-316F34D64E49}
		{B5435E3F-2CBA-4DB9-9DFF-751902FDF20C} = {3EDA91E2-BBB9-43C6-894A-316F34D64E49}
		{94D10463-2379-42E3-B408-719676E84BF0} = {25B1655E-B3DD-489C-9557-E22E3DAD943A}
		{A3E5C8BE-7019-4C1A-A381-55E15D72BEC2} = {51CCF2EE-BC94-4ABC-A763-3E4E8B95932F}
		{3F0371EB-0AC1-4D3D-A1ED-7085A272AF26} = {523A3164-1EFD-490C-B272-1E6D52F7266C}
		{EB0E5A6D-2C77-4F42-AA51-49048C11E02B} = {523A3164-1EFD-490C-B272-1E6D52F7266C}
		{7698704C-D69F-44BD-9AD8-EDE08CC4C23E} = {523A3164-1EFD-490C-B272-1E6D52F7266C}
	EndGlobalSection
	GlobalSection(ExtensibilityGlobals) = postSolution
		SolutionGuid = {7102F87A-AA7B-4AC3-91BF-1DCCC7DC5AFA}
	EndGlobalSection
	GlobalSection(SharedMSBuildProjectFiles) = preSolution
		src\UI\GoStreak.Shared\GoStreak.Shared.projitems*{1db09d1d-2186-4df7-bf16-b31c5a97d3c4}*SharedItemsImports = 5
		src\UI\GoStreak.Shared\GoStreak.Shared.projitems*{2c4b1eb7-cc22-4382-9948-36f8fd3b12ad}*SharedItemsImports = 5
		src\UI\GoStreak.Shared\GoStreak.Shared.projitems*{6279c845-92f8-4333-ab99-3d213163593c}*SharedItemsImports = 13
		src\UI\GoStreak.Shared\GoStreak.Shared.projitems*{b5435e3f-2cba-4db9-9dff-751902fdf20c}*SharedItemsImports = 5
		src\UI\GoStreak.Shared\GoStreak.Shared.projitems*{d37680da-b90d-40a8-9312-46643ff3ced5}*SharedItemsImports = 5
	EndGlobalSection
EndGlobal
