Microsoft Visual Studio Solution File, Format Version 12.00
# Visual Studio Version 16
VisualStudioVersion = 16.0.29920.165
MinimumVisualStudioVersion = 15.0.26124.0

Project("{D954291E-2A0B-460D-934E-DC6B0785DB48}") = "GoStreak.Shared", "GoStreak.Shared\GoStreak.Shared.shproj", "{6279C845-92F8-4333-AB99-3D213163593C}"
EndProject

Project("{FAE04EC0-301F-11D3-BF4B-00C04F79EFBC}") = "GoStreak.Mobile", "GoStreak.Mobile\GoStreak.Mobile.csproj", "{AAAA35E1-EB73-4304-9A5B-887E33470EC5}"
EndProject

Project("{9A19103F-16F7-4668-BE54-9A1E7A4F7556}") = "GoStreak.Wasm", "GoStreak.Wasm\GoStreak.Wasm.csproj", "{40EA03F7-8A22-4143-B251-79BAC3EB13D2}"
EndProject

Project("{9A19103F-16F7-4668-BE54-9A1E7A4F7556}") = "GoStreak.Skia.Gtk", "GoStreak.Skia.Gtk\GoStreak.Skia.Gtk.csproj", "{A5B8155A-118F-4794-B551-C6F3CF7E5411}"
EndProject

Project("{9A19103F-16F7-4668-BE54-9A1E7A4F7556}") = "GoStreak.Skia.WPF", "GoStreak.Skia.WPF\GoStreak.Skia.WPF.csproj", "{BFE22CF1-338E-4ABA-BA39-96D22A3D56E1}"
EndProject
Project("{9A19103F-16F7-4668-BE54-9A1E7A4F7556}") = "GoStreak.Skia.Wpf.Host", "GoStreak.Skia.WPF.Host\GoStreak.Skia.Wpf.Host.csproj", "{6CF284A4-22B1-4F05-97F4-F095C07A598E}"
EndProject

Project("{9A19103F-16F7-4668-BE54-9A1E7A4F7556}") = "GoStreak.Windows", "GoStreak.Windows\GoStreak.Windows.csproj", "{1AA13270-F438-4864-9435-54FD806E10EA}"
EndProject

Global
	GlobalSection(SharedMSBuildProjectFiles) = preSolution
		GoStreak.Shared\GoStreak.Shared.projitems*{1aa13270-f438-4864-9435-54fd806e10ea}*SharedItemsImports = 5
		GoStreak.Shared\GoStreak.Shared.projitems*{8FF35323-1F9D-4634-9D73-FEB301C71772}*SharedItemsImports = 4
		GoStreak.Shared\GoStreak.Shared.projitems*{40ea03f7-8a22-4143-b251-79bac3eb13d2}*SharedItemsImports = 5
		GoStreak.Shared\GoStreak.Shared.projitems*{BFE22CF1-338E-4ABA-BA39-96D22A3D56E1}*SharedItemsImports = 5
		GoStreak.Shared\GoStreak.Shared.projitems*{6279c845-92f8-4333-ab99-3d213163593c}*SharedItemsImports = 13
		GoStreak.Shared\GoStreak.Shared.projitems*{3E0608B2-3463-4BBD-8BBC-E57618458175}*SharedItemsImports = 4
		GoStreak.Shared\GoStreak.Shared.projitems*{9ADE7B77-09A6-4CFD-9B6D-1FB7D4090BF7}*SharedItemsImports = 4
		GoStreak.Shared\GoStreak.Shared.projitems*{a5b8155a-118f-4794-b551-c6f3cf7e5411}*SharedItemsImports = 5
		GoStreak.Shared\GoStreak.Shared.projitems*{AAAA35E1-EB73-4304-9A5B-887E33470EC5}*SharedItemsImports = 4
	EndGlobalSection
	GlobalSection(SolutionConfigurationPlatforms) = preSolution
		Debug|Any CPU = Debug|Any CPU
		Debug|ARM = Debug|ARM
		Debug|ARM64 = Debug|ARM64
		Debug|iPhone = Debug|iPhone
		Debug|iPhoneSimulator = Debug|iPhoneSimulator
		Debug|x64 = Debug|x64
		Debug|x86 = Debug|x86
		Release|Any CPU = Release|Any CPU
		Release|ARM = Release|ARM
		Release|ARM64 = Release|ARM64
		Release|iPhone = Release|iPhone
		Release|iPhoneSimulator = Release|iPhoneSimulator
		Release|x64 = Release|x64
		Release|x86 = Release|x86
	EndGlobalSection
	GlobalSection(ProjectConfigurationPlatforms) = postSolution
		{AAAA35E1-EB73-4304-9A5B-887E33470EC5}.Debug|Any CPU.ActiveCfg = Debug|Any CPU
		{AAAA35E1-EB73-4304-9A5B-887E33470EC5}.Debug|Any CPU.Build.0 = Debug|Any CPU
		{AAAA35E1-EB73-4304-9A5B-887E33470EC5}.Debug|Any CPU.Deploy.0 = Debug|Any CPU
		{AAAA35E1-EB73-4304-9A5B-887E33470EC5}.Debug|ARM.ActiveCfg = Debug|Any CPU
		{AAAA35E1-EB73-4304-9A5B-887E33470EC5}.Debug|ARM.Build.0 = Debug|Any CPU
		{AAAA35E1-EB73-4304-9A5B-887E33470EC5}.Debug|ARM.Deploy.0 = Debug|Any CPU
		{AAAA35E1-EB73-4304-9A5B-887E33470EC5}.Debug|ARM64.ActiveCfg = Debug|Any CPU
		{AAAA35E1-EB73-4304-9A5B-887E33470EC5}.Debug|ARM64.Build.0 = Debug|Any CPU
		{AAAA35E1-EB73-4304-9A5B-887E33470EC5}.Debug|ARM64.Deploy.0 = Debug|Any CPU
		{AAAA35E1-EB73-4304-9A5B-887E33470EC5}.Debug|iPhone.ActiveCfg = Debug|Any CPU
		{AAAA35E1-EB73-4304-9A5B-887E33470EC5}.Debug|iPhone.Build.0 = Debug|Any CPU
		{AAAA35E1-EB73-4304-9A5B-887E33470EC5}.Debug|iPhone.Deploy.0 = Debug|Any CPU
		{AAAA35E1-EB73-4304-9A5B-887E33470EC5}.Debug|iPhoneSimulator.ActiveCfg = Debug|Any CPU
		{AAAA35E1-EB73-4304-9A5B-887E33470EC5}.Debug|iPhoneSimulator.Build.0 = Debug|Any CPU
		{AAAA35E1-EB73-4304-9A5B-887E33470EC5}.Debug|iPhoneSimulator.Deploy.0 = Debug|Any CPU
		{AAAA35E1-EB73-4304-9A5B-887E33470EC5}.Debug|x64.ActiveCfg = Debug|Any CPU
		{AAAA35E1-EB73-4304-9A5B-887E33470EC5}.Debug|x64.Build.0 = Debug|Any CPU
		{AAAA35E1-EB73-4304-9A5B-887E33470EC5}.Debug|x64.Deploy.0 = Debug|Any CPU
		{AAAA35E1-EB73-4304-9A5B-887E33470EC5}.Debug|x86.ActiveCfg = Debug|Any CPU
		{AAAA35E1-EB73-4304-9A5B-887E33470EC5}.Debug|x86.Build.0 = Debug|Any CPU
		{AAAA35E1-EB73-4304-9A5B-887E33470EC5}.Debug|x86.Deploy.0 = Debug|Any CPU

		{AAAA35E1-EB73-4304-9A5B-887E33470EC5}.Release|Any CPU.ActiveCfg = Release|Any CPU
		{AAAA35E1-EB73-4304-9A5B-887E33470EC5}.Release|Any CPU.Build.0 = Release|Any CPU
		{AAAA35E1-EB73-4304-9A5B-887E33470EC5}.Release|Any CPU.Deploy.0 = Release|Any CPU
		{AAAA35E1-EB73-4304-9A5B-887E33470EC5}.Release|ARM.ActiveCfg = Release|Any CPU
		{AAAA35E1-EB73-4304-9A5B-887E33470EC5}.Release|ARM.Build.0 = Release|Any CPU
		{AAAA35E1-EB73-4304-9A5B-887E33470EC5}.Release|ARM.Deploy.0 = Release|Any CPU
		{AAAA35E1-EB73-4304-9A5B-887E33470EC5}.Release|ARM64.ActiveCfg = Release|Any CPU
		{AAAA35E1-EB73-4304-9A5B-887E33470EC5}.Release|ARM64.Build.0 = Release|Any CPU
		{AAAA35E1-EB73-4304-9A5B-887E33470EC5}.Release|ARM64.Deploy.0 = Release|Any CPU
		{AAAA35E1-EB73-4304-9A5B-887E33470EC5}.Release|iPhone.ActiveCfg = Release|Any CPU
		{AAAA35E1-EB73-4304-9A5B-887E33470EC5}.Release|iPhone.Build.0 = Release|Any CPU
		{AAAA35E1-EB73-4304-9A5B-887E33470EC5}.Release|iPhone.Deploy.0 = Release|Any CPU
		{AAAA35E1-EB73-4304-9A5B-887E33470EC5}.Release|iPhoneSimulator.ActiveCfg = Release|Any CPU
		{AAAA35E1-EB73-4304-9A5B-887E33470EC5}.Release|iPhoneSimulator.Build.0 = Release|Any CPU
		{AAAA35E1-EB73-4304-9A5B-887E33470EC5}.Release|iPhoneSimulator.Deploy.0 = Release|Any CPU
		{AAAA35E1-EB73-4304-9A5B-887E33470EC5}.Release|x64.ActiveCfg = Release|Any CPU
		{AAAA35E1-EB73-4304-9A5B-887E33470EC5}.Release|x64.Build.0 = Release|Any CPU
		{AAAA35E1-EB73-4304-9A5B-887E33470EC5}.Release|x64.Deploy.0 = Release|Any CPU
		{AAAA35E1-EB73-4304-9A5B-887E33470EC5}.Release|x86.ActiveCfg = Release|Any CPU
		{AAAA35E1-EB73-4304-9A5B-887E33470EC5}.Release|x86.Build.0 = Release|Any CPU
		{AAAA35E1-EB73-4304-9A5B-887E33470EC5}.Release|x86.Deploy.0 = Release|Any CPU
		{9ADE7B77-09A6-4CFD-9B6D-1FB7D4090BF7}.Debug|Any CPU.ActiveCfg = Debug|iPhone
		{9ADE7B77-09A6-4CFD-9B6D-1FB7D4090BF7}.Debug|Any CPU.Build.0 = Debug|iPhone
		{9ADE7B77-09A6-4CFD-9B6D-1FB7D4090BF7}.Debug|Any CPU.Deploy.0 = Debug|iPhone
		{9ADE7B77-09A6-4CFD-9B6D-1FB7D4090BF7}.Debug|ARM.ActiveCfg = Debug|iPhone
		{9ADE7B77-09A6-4CFD-9B6D-1FB7D4090BF7}.Debug|ARM64.ActiveCfg = Debug|iPhone
		{9ADE7B77-09A6-4CFD-9B6D-1FB7D4090BF7}.Debug|iPhone.ActiveCfg = Debug|iPhone
		{9ADE7B77-09A6-4CFD-9B6D-1FB7D4090BF7}.Debug|iPhone.Build.0 = Debug|iPhone
		{9ADE7B77-09A6-4CFD-9B6D-1FB7D4090BF7}.Debug|iPhoneSimulator.ActiveCfg = Debug|iPhoneSimulator
		{9ADE7B77-09A6-4CFD-9B6D-1FB7D4090BF7}.Debug|iPhoneSimulator.Build.0 = Debug|iPhoneSimulator
		{9ADE7B77-09A6-4CFD-9B6D-1FB7D4090BF7}.Debug|x64.ActiveCfg = Debug|iPhone
		{9ADE7B77-09A6-4CFD-9B6D-1FB7D4090BF7}.Debug|x64.Build.0 = Debug|iPhone
		{9ADE7B77-09A6-4CFD-9B6D-1FB7D4090BF7}.Debug|x64.Deploy.0 = Debug|iPhone
		{9ADE7B77-09A6-4CFD-9B6D-1FB7D4090BF7}.Debug|x86.ActiveCfg = Debug|iPhoneSimulator
		{9ADE7B77-09A6-4CFD-9B6D-1FB7D4090BF7}.Debug|x86.Build.0 = Debug|iPhoneSimulator
		{9ADE7B77-09A6-4CFD-9B6D-1FB7D4090BF7}.Debug|x86.Deploy.0 = Debug|iPhoneSimulator
		{9ADE7B77-09A6-4CFD-9B6D-1FB7D4090BF7}.Release|Any CPU.ActiveCfg = Release|iPhone
		{9ADE7B77-09A6-4CFD-9B6D-1FB7D4090BF7}.Release|ARM.ActiveCfg = Release|iPhone
		{9ADE7B77-09A6-4CFD-9B6D-1FB7D4090BF7}.Release|ARM64.ActiveCfg = Release|iPhone
		{9ADE7B77-09A6-4CFD-9B6D-1FB7D4090BF7}.Release|iPhone.ActiveCfg = Release|iPhone
		{9ADE7B77-09A6-4CFD-9B6D-1FB7D4090BF7}.Release|iPhone.Build.0 = Release|iPhone
		{9ADE7B77-09A6-4CFD-9B6D-1FB7D4090BF7}.Release|iPhoneSimulator.ActiveCfg = Release|iPhoneSimulator
		{9ADE7B77-09A6-4CFD-9B6D-1FB7D4090BF7}.Release|iPhoneSimulator.Build.0 = Release|iPhoneSimulator
		{9ADE7B77-09A6-4CFD-9B6D-1FB7D4090BF7}.Release|x64.ActiveCfg = Release|iPhoneSimulator
		{9ADE7B77-09A6-4CFD-9B6D-1FB7D4090BF7}.Release|x64.Build.0 = Release|iPhoneSimulator
		{9ADE7B77-09A6-4CFD-9B6D-1FB7D4090BF7}.Release|x64.Deploy.0 = Release|iPhoneSimulator
		{9ADE7B77-09A6-4CFD-9B6D-1FB7D4090BF7}.Release|x86.ActiveCfg = Release|iPhoneSimulator
		{9ADE7B77-09A6-4CFD-9B6D-1FB7D4090BF7}.Release|x86.Build.0 = Release|iPhoneSimulator

		{3E0608B2-3463-4BBD-8BBC-E57618458175}.Debug|Any CPU.ActiveCfg = Debug|x86
		{3E0608B2-3463-4BBD-8BBC-E57618458175}.Debug|Any CPU.Build.0 = Debug|x86
		{3E0608B2-3463-4BBD-8BBC-E57618458175}.Debug|Any CPU.Deploy.0 = Debug|x86
		{3E0608B2-3463-4BBD-8BBC-E57618458175}.Debug|ARM.ActiveCfg = Debug|ARM
		{3E0608B2-3463-4BBD-8BBC-E57618458175}.Debug|ARM.Build.0 = Debug|ARM
		{3E0608B2-3463-4BBD-8BBC-E57618458175}.Debug|ARM.Deploy.0 = Debug|ARM
		{3E0608B2-3463-4BBD-8BBC-E57618458175}.Debug|ARM64.ActiveCfg = Debug|ARM64
		{3E0608B2-3463-4BBD-8BBC-E57618458175}.Debug|ARM64.Build.0 = Debug|ARM64
		{3E0608B2-3463-4BBD-8BBC-E57618458175}.Debug|ARM64.Deploy.0 = Debug|ARM64
		{3E0608B2-3463-4BBD-8BBC-E57618458175}.Debug|iPhone.ActiveCfg = Debug|x86
		{3E0608B2-3463-4BBD-8BBC-E57618458175}.Debug|iPhone.Build.0 = Debug|x86
		{3E0608B2-3463-4BBD-8BBC-E57618458175}.Debug|iPhone.Deploy.0 = Debug|x86
		{3E0608B2-3463-4BBD-8BBC-E57618458175}.Debug|iPhoneSimulator.ActiveCfg = Debug|x86
		{3E0608B2-3463-4BBD-8BBC-E57618458175}.Debug|iPhoneSimulator.Build.0 = Debug|x86
		{3E0608B2-3463-4BBD-8BBC-E57618458175}.Debug|iPhoneSimulator.Deploy.0 = Debug|x86
		{3E0608B2-3463-4BBD-8BBC-E57618458175}.Debug|x64.ActiveCfg = Debug|x64
		{3E0608B2-3463-4BBD-8BBC-E57618458175}.Debug|x64.Build.0 = Debug|x64
		{3E0608B2-3463-4BBD-8BBC-E57618458175}.Debug|x64.Deploy.0 = Debug|x64
		{3E0608B2-3463-4BBD-8BBC-E57618458175}.Debug|x86.ActiveCfg = Debug|x86
		{3E0608B2-3463-4BBD-8BBC-E57618458175}.Debug|x86.Build.0 = Debug|x86
		{3E0608B2-3463-4BBD-8BBC-E57618458175}.Debug|x86.Deploy.0 = Debug|x86
		{3E0608B2-3463-4BBD-8BBC-E57618458175}.Release|Any CPU.ActiveCfg = Release|x86
		{3E0608B2-3463-4BBD-8BBC-E57618458175}.Release|ARM.ActiveCfg = Release|ARM
		{3E0608B2-3463-4BBD-8BBC-E57618458175}.Release|ARM.Build.0 = Release|ARM
		{3E0608B2-3463-4BBD-8BBC-E57618458175}.Release|ARM.Deploy.0 = Release|ARM
		{3E0608B2-3463-4BBD-8BBC-E57618458175}.Release|ARM64.ActiveCfg = Release|ARM64
		{3E0608B2-3463-4BBD-8BBC-E57618458175}.Release|ARM64.Build.0 = Release|ARM64
		{3E0608B2-3463-4BBD-8BBC-E57618458175}.Release|ARM64.Deploy.0 = Release|ARM64
		{3E0608B2-3463-4BBD-8BBC-E57618458175}.Release|iPhone.ActiveCfg = Release|x86
		{3E0608B2-3463-4BBD-8BBC-E57618458175}.Release|iPhone.Build.0 = Release|x86
		{3E0608B2-3463-4BBD-8BBC-E57618458175}.Release|iPhoneSimulator.ActiveCfg = Release|x86
		{3E0608B2-3463-4BBD-8BBC-E57618458175}.Release|iPhoneSimulator.Build.0 = Release|x86
		{3E0608B2-3463-4BBD-8BBC-E57618458175}.Release|iPhoneSimulator.Deploy.0 = Release|x86
		{3E0608B2-3463-4BBD-8BBC-E57618458175}.Release|x64.ActiveCfg = Release|x64
		{3E0608B2-3463-4BBD-8BBC-E57618458175}.Release|x64.Build.0 = Release|x64
		{3E0608B2-3463-4BBD-8BBC-E57618458175}.Release|x64.Deploy.0 = Release|x64
		{3E0608B2-3463-4BBD-8BBC-E57618458175}.Release|x86.ActiveCfg = Release|x86
		{3E0608B2-3463-4BBD-8BBC-E57618458175}.Release|x86.Build.0 = Release|x86
		{3E0608B2-3463-4BBD-8BBC-E57618458175}.Release|x86.Deploy.0 = Release|x86

		{BFE22CF1-338E-4ABA-BA39-96D22A3D56E1}.Debug|Any CPU.ActiveCfg = Debug|Any CPU
		{BFE22CF1-338E-4ABA-BA39-96D22A3D56E1}.Debug|Any CPU.Build.0 = Debug|Any CPU
		{BFE22CF1-338E-4ABA-BA39-96D22A3D56E1}.Debug|Any CPU.Deploy.0 = Debug|Any CPU
		{BFE22CF1-338E-4ABA-BA39-96D22A3D56E1}.Debug|ARM.ActiveCfg = Debug|Any CPU
		{BFE22CF1-338E-4ABA-BA39-96D22A3D56E1}.Debug|ARM.Build.0 = Debug|Any CPU
		{BFE22CF1-338E-4ABA-BA39-96D22A3D56E1}.Debug|ARM.Deploy.0 = Debug|Any CPU
		{BFE22CF1-338E-4ABA-BA39-96D22A3D56E1}.Debug|ARM64.ActiveCfg = Debug|Any CPU
		{BFE22CF1-338E-4ABA-BA39-96D22A3D56E1}.Debug|ARM64.Build.0 = Debug|Any CPU
		{BFE22CF1-338E-4ABA-BA39-96D22A3D56E1}.Debug|ARM64.Deploy.0 = Debug|Any CPU
		{BFE22CF1-338E-4ABA-BA39-96D22A3D56E1}.Debug|iPhone.ActiveCfg = Debug|Any CPU
		{BFE22CF1-338E-4ABA-BA39-96D22A3D56E1}.Debug|iPhone.Build.0 = Debug|Any CPU
		{BFE22CF1-338E-4ABA-BA39-96D22A3D56E1}.Debug|iPhone.Deploy.0 = Debug|Any CPU
		{BFE22CF1-338E-4ABA-BA39-96D22A3D56E1}.Debug|iPhoneSimulator.ActiveCfg = Debug|Any CPU
		{BFE22CF1-338E-4ABA-BA39-96D22A3D56E1}.Debug|iPhoneSimulator.Build.0 = Debug|Any CPU
		{BFE22CF1-338E-4ABA-BA39-96D22A3D56E1}.Debug|iPhoneSimulator.Deploy.0 = Debug|Any CPU
		{BFE22CF1-338E-4ABA-BA39-96D22A3D56E1}.Debug|x64.ActiveCfg = Debug|Any CPU
		{BFE22CF1-338E-4ABA-BA39-96D22A3D56E1}.Debug|x64.Build.0 = Debug|Any CPU
		{BFE22CF1-338E-4ABA-BA39-96D22A3D56E1}.Debug|x64.Deploy.0 = Debug|Any CPU
		{BFE22CF1-338E-4ABA-BA39-96D22A3D56E1}.Debug|x86.ActiveCfg = Debug|Any CPU
		{BFE22CF1-338E-4ABA-BA39-96D22A3D56E1}.Debug|x86.Build.0 = Debug|Any CPU
		{BFE22CF1-338E-4ABA-BA39-96D22A3D56E1}.Debug|x86.Deploy.0 = Debug|Any CPU
		{BFE22CF1-338E-4ABA-BA39-96D22A3D56E1}.Release|Any CPU.ActiveCfg = Release|Any CPU
		{BFE22CF1-338E-4ABA-BA39-96D22A3D56E1}.Release|Any CPU.Build.0 = Release|Any CPU
		{BFE22CF1-338E-4ABA-BA39-96D22A3D56E1}.Release|ARM.ActiveCfg = Release|Any CPU
		{BFE22CF1-338E-4ABA-BA39-96D22A3D56E1}.Release|ARM.Build.0 = Release|Any CPU
		{BFE22CF1-338E-4ABA-BA39-96D22A3D56E1}.Release|ARM.Deploy.0 = Release|Any CPU
		{BFE22CF1-338E-4ABA-BA39-96D22A3D56E1}.Release|ARM64.ActiveCfg = Release|Any CPU
		{BFE22CF1-338E-4ABA-BA39-96D22A3D56E1}.Release|ARM64.Build.0 = Release|Any CPU
		{BFE22CF1-338E-4ABA-BA39-96D22A3D56E1}.Release|ARM64.Deploy.0 = Release|Any CPU
		{BFE22CF1-338E-4ABA-BA39-96D22A3D56E1}.Release|iPhone.ActiveCfg = Release|Any CPU
		{BFE22CF1-338E-4ABA-BA39-96D22A3D56E1}.Release|iPhone.Build.0 = Release|Any CPU
		{BFE22CF1-338E-4ABA-BA39-96D22A3D56E1}.Release|iPhoneSimulator.ActiveCfg = Release|Any CPU
		{BFE22CF1-338E-4ABA-BA39-96D22A3D56E1}.Release|iPhoneSimulator.Build.0 = Release|Any CPU
		{BFE22CF1-338E-4ABA-BA39-96D22A3D56E1}.Release|iPhoneSimulator.Deploy.0 = Release|Any CPU
		{BFE22CF1-338E-4ABA-BA39-96D22A3D56E1}.Release|x64.ActiveCfg = Release|Any CPU
		{BFE22CF1-338E-4ABA-BA39-96D22A3D56E1}.Release|x64.Build.0 = Release|Any CPU
		{BFE22CF1-338E-4ABA-BA39-96D22A3D56E1}.Release|x64.Deploy.0 = Release|Any CPU
		{BFE22CF1-338E-4ABA-BA39-96D22A3D56E1}.Release|x86.ActiveCfg = Release|Any CPU
		{BFE22CF1-338E-4ABA-BA39-96D22A3D56E1}.Release|x86.Build.0 = Release|Any CPU
		{BFE22CF1-338E-4ABA-BA39-96D22A3D56E1}.Release|x86.Deploy.0 = Release|Any CPU

		{A5B8155A-118F-4794-B551-C6F3CF7E5411}.Debug|Any CPU.ActiveCfg = Debug|Any CPU
		{A5B8155A-118F-4794-B551-C6F3CF7E5411}.Debug|Any CPU.Build.0 = Debug|Any CPU
		{A5B8155A-118F-4794-B551-C6F3CF7E5411}.Debug|ARM.ActiveCfg = Debug|Any CPU
		{A5B8155A-118F-4794-B551-C6F3CF7E5411}.Debug|ARM.Build.0 = Debug|Any CPU
		{A5B8155A-118F-4794-B551-C6F3CF7E5411}.Debug|ARM64.ActiveCfg = Debug|Any CPU
		{A5B8155A-118F-4794-B551-C6F3CF7E5411}.Debug|ARM64.Build.0 = Debug|Any CPU
		{A5B8155A-118F-4794-B551-C6F3CF7E5411}.Debug|iPhone.ActiveCfg = Debug|Any CPU
		{A5B8155A-118F-4794-B551-C6F3CF7E5411}.Debug|iPhone.Build.0 = Debug|Any CPU
		{A5B8155A-118F-4794-B551-C6F3CF7E5411}.Debug|iPhoneSimulator.ActiveCfg = Debug|Any CPU
		{A5B8155A-118F-4794-B551-C6F3CF7E5411}.Debug|iPhoneSimulator.Build.0 = Debug|Any CPU
		{A5B8155A-118F-4794-B551-C6F3CF7E5411}.Debug|x64.ActiveCfg = Debug|Any CPU
		{A5B8155A-118F-4794-B551-C6F3CF7E5411}.Debug|x64.Build.0 = Debug|Any CPU
		{A5B8155A-118F-4794-B551-C6F3CF7E5411}.Debug|x86.ActiveCfg = Debug|Any CPU
		{A5B8155A-118F-4794-B551-C6F3CF7E5411}.Debug|x86.Build.0 = Debug|Any CPU
		{A5B8155A-118F-4794-B551-C6F3CF7E5411}.Release|Any CPU.ActiveCfg = Release|Any CPU
		{A5B8155A-118F-4794-B551-C6F3CF7E5411}.Release|Any CPU.Build.0 = Release|Any CPU
		{A5B8155A-118F-4794-B551-C6F3CF7E5411}.Release|ARM.ActiveCfg = Release|Any CPU
		{A5B8155A-118F-4794-B551-C6F3CF7E5411}.Release|ARM.Build.0 = Release|Any CPU
		{A5B8155A-118F-4794-B551-C6F3CF7E5411}.Release|ARM64.ActiveCfg = Release|Any CPU
		{A5B8155A-118F-4794-B551-C6F3CF7E5411}.Release|ARM64.Build.0 = Release|Any CPU
		{A5B8155A-118F-4794-B551-C6F3CF7E5411}.Release|iPhone.ActiveCfg = Release|Any CPU
		{A5B8155A-118F-4794-B551-C6F3CF7E5411}.Release|iPhone.Build.0 = Release|Any CPU
		{A5B8155A-118F-4794-B551-C6F3CF7E5411}.Release|iPhoneSimulator.ActiveCfg = Release|Any CPU
		{A5B8155A-118F-4794-B551-C6F3CF7E5411}.Release|iPhoneSimulator.Build.0 = Release|Any CPU
		{A5B8155A-118F-4794-B551-C6F3CF7E5411}.Release|x64.ActiveCfg = Release|Any CPU
		{A5B8155A-118F-4794-B551-C6F3CF7E5411}.Release|x64.Build.0 = Release|Any CPU
		{A5B8155A-118F-4794-B551-C6F3CF7E5411}.Release|x86.ActiveCfg = Release|Any CPU
		{A5B8155A-118F-4794-B551-C6F3CF7E5411}.Release|x86.Build.0 = Release|Any CPU
		{6CF284A4-22B1-4F05-97F4-F095C07A598E}.Debug|Any CPU.ActiveCfg = Debug|Any CPU
		{6CF284A4-22B1-4F05-97F4-F095C07A598E}.Debug|Any CPU.Build.0 = Debug|Any CPU
		{6CF284A4-22B1-4F05-97F4-F095C07A598E}.Debug|ARM.ActiveCfg = Debug|Any CPU
		{6CF284A4-22B1-4F05-97F4-F095C07A598E}.Debug|ARM.Build.0 = Debug|Any CPU
		{6CF284A4-22B1-4F05-97F4-F095C07A598E}.Debug|ARM64.ActiveCfg = Debug|Any CPU
		{6CF284A4-22B1-4F05-97F4-F095C07A598E}.Debug|ARM64.Build.0 = Debug|Any CPU
		{6CF284A4-22B1-4F05-97F4-F095C07A598E}.Debug|iPhone.ActiveCfg = Debug|Any CPU
		{6CF284A4-22B1-4F05-97F4-F095C07A598E}.Debug|iPhone.Build.0 = Debug|Any CPU
		{6CF284A4-22B1-4F05-97F4-F095C07A598E}.Debug|iPhoneSimulator.ActiveCfg = Debug|Any CPU
		{6CF284A4-22B1-4F05-97F4-F095C07A598E}.Debug|iPhoneSimulator.Build.0 = Debug|Any CPU
		{6CF284A4-22B1-4F05-97F4-F095C07A598E}.Debug|x64.ActiveCfg = Debug|Any CPU
		{6CF284A4-22B1-4F05-97F4-F095C07A598E}.Debug|x64.Build.0 = Debug|Any CPU
		{6CF284A4-22B1-4F05-97F4-F095C07A598E}.Debug|x86.ActiveCfg = Debug|Any CPU
		{6CF284A4-22B1-4F05-97F4-F095C07A598E}.Debug|x86.Build.0 = Debug|Any CPU
		{6CF284A4-22B1-4F05-97F4-F095C07A598E}.Release|Any CPU.ActiveCfg = Release|Any CPU
		{6CF284A4-22B1-4F05-97F4-F095C07A598E}.Release|Any CPU.Build.0 = Release|Any CPU
		{6CF284A4-22B1-4F05-97F4-F095C07A598E}.Release|ARM.ActiveCfg = Release|Any CPU
		{6CF284A4-22B1-4F05-97F4-F095C07A598E}.Release|ARM.Build.0 = Release|Any CPU
		{6CF284A4-22B1-4F05-97F4-F095C07A598E}.Release|ARM64.ActiveCfg = Release|Any CPU
		{6CF284A4-22B1-4F05-97F4-F095C07A598E}.Release|ARM64.Build.0 = Release|Any CPU
		{6CF284A4-22B1-4F05-97F4-F095C07A598E}.Release|iPhone.ActiveCfg = Release|Any CPU
		{6CF284A4-22B1-4F05-97F4-F095C07A598E}.Release|iPhone.Build.0 = Release|Any CPU
		{6CF284A4-22B1-4F05-97F4-F095C07A598E}.Release|iPhoneSimulator.ActiveCfg = Release|Any CPU
		{6CF284A4-22B1-4F05-97F4-F095C07A598E}.Release|iPhoneSimulator.Build.0 = Release|Any CPU
		{6CF284A4-22B1-4F05-97F4-F095C07A598E}.Release|x64.ActiveCfg = Release|Any CPU
		{6CF284A4-22B1-4F05-97F4-F095C07A598E}.Release|x64.Build.0 = Release|Any CPU
		{6CF284A4-22B1-4F05-97F4-F095C07A598E}.Release|x86.ActiveCfg = Release|Any CPU
		{6CF284A4-22B1-4F05-97F4-F095C07A598E}.Release|x86.Build.0 = Release|Any CPU
		{1AA13270-F438-4864-9435-54FD806E10EA}.Debug|Any CPU.ActiveCfg = Debug|x86
		{1AA13270-F438-4864-9435-54FD806E10EA}.Debug|Any CPU.Build.0 = Debug|x86
		{1AA13270-F438-4864-9435-54FD806E10EA}.Debug|ARM.ActiveCfg = Debug|Any CPU
		{1AA13270-F438-4864-9435-54FD806E10EA}.Debug|ARM.Build.0 = Debug|Any CPU
		{1AA13270-F438-4864-9435-54FD806E10EA}.Debug|ARM64.ActiveCfg = Debug|x86
		{1AA13270-F438-4864-9435-54FD806E10EA}.Debug|ARM64.Build.0 = Debug|x86
		{1AA13270-F438-4864-9435-54FD806E10EA}.Debug|iPhone.ActiveCfg = Debug|Any CPU
		{1AA13270-F438-4864-9435-54FD806E10EA}.Debug|iPhone.Build.0 = Debug|Any CPU
		{1AA13270-F438-4864-9435-54FD806E10EA}.Debug|iPhoneSimulator.ActiveCfg = Debug|Any CPU
		{1AA13270-F438-4864-9435-54FD806E10EA}.Debug|iPhoneSimulator.Build.0 = Debug|Any CPU
		{1AA13270-F438-4864-9435-54FD806E10EA}.Debug|x64.ActiveCfg = Debug|x86
		{1AA13270-F438-4864-9435-54FD806E10EA}.Debug|x64.Build.0 = Debug|x86
		{1AA13270-F438-4864-9435-54FD806E10EA}.Debug|x86.ActiveCfg = Debug|x86
		{1AA13270-F438-4864-9435-54FD806E10EA}.Debug|x86.Build.0 = Debug|x86
		{1AA13270-F438-4864-9435-54FD806E10EA}.Release|Any CPU.ActiveCfg = Release|Any CPU
		{1AA13270-F438-4864-9435-54FD806E10EA}.Release|Any CPU.Build.0 = Release|Any CPU
		{1AA13270-F438-4864-9435-54FD806E10EA}.Release|ARM.ActiveCfg = Release|Any CPU
		{1AA13270-F438-4864-9435-54FD806E10EA}.Release|ARM.Build.0 = Release|Any CPU
		{1AA13270-F438-4864-9435-54FD806E10EA}.Release|ARM64.ActiveCfg = Release|x86
		{1AA13270-F438-4864-9435-54FD806E10EA}.Release|ARM64.Build.0 = Release|x86
		{1AA13270-F438-4864-9435-54FD806E10EA}.Release|iPhone.ActiveCfg = Release|Any CPU
		{1AA13270-F438-4864-9435-54FD806E10EA}.Release|iPhone.Build.0 = Release|Any CPU
		{1AA13270-F438-4864-9435-54FD806E10EA}.Release|iPhoneSimulator.ActiveCfg = Release|Any CPU
		{1AA13270-F438-4864-9435-54FD806E10EA}.Release|iPhoneSimulator.Build.0 = Release|Any CPU
		{1AA13270-F438-4864-9435-54FD806E10EA}.Release|x64.ActiveCfg = Release|x86
		{1AA13270-F438-4864-9435-54FD806E10EA}.Release|x64.Build.0 = Release|x86
		{1AA13270-F438-4864-9435-54FD806E10EA}.Release|x86.ActiveCfg = Release|x86
		{1AA13270-F438-4864-9435-54FD806E10EA}.Release|x86.Build.0 = Release|x86

		{40EA03F7-8A22-4143-B251-79BAC3EB13D2}.Debug|Any CPU.ActiveCfg = Debug|Any CPU
		{40EA03F7-8A22-4143-B251-79BAC3EB13D2}.Debug|Any CPU.Build.0 = Debug|Any CPU
		{40EA03F7-8A22-4143-B251-79BAC3EB13D2}.Debug|ARM.ActiveCfg = Debug|Any CPU
		{40EA03F7-8A22-4143-B251-79BAC3EB13D2}.Debug|ARM.Build.0 = Debug|Any CPU
		{40EA03F7-8A22-4143-B251-79BAC3EB13D2}.Debug|ARM64.ActiveCfg = Debug|Any CPU
		{40EA03F7-8A22-4143-B251-79BAC3EB13D2}.Debug|ARM64.Build.0 = Debug|Any CPU
		{40EA03F7-8A22-4143-B251-79BAC3EB13D2}.Debug|iPhone.ActiveCfg = Debug|Any CPU
		{40EA03F7-8A22-4143-B251-79BAC3EB13D2}.Debug|iPhone.Build.0 = Debug|Any CPU
		{40EA03F7-8A22-4143-B251-79BAC3EB13D2}.Debug|iPhoneSimulator.ActiveCfg = Debug|Any CPU
		{40EA03F7-8A22-4143-B251-79BAC3EB13D2}.Debug|iPhoneSimulator.Build.0 = Debug|Any CPU
		{40EA03F7-8A22-4143-B251-79BAC3EB13D2}.Debug|x64.ActiveCfg = Debug|Any CPU
		{40EA03F7-8A22-4143-B251-79BAC3EB13D2}.Debug|x64.Build.0 = Debug|Any CPU
		{40EA03F7-8A22-4143-B251-79BAC3EB13D2}.Debug|x86.ActiveCfg = Debug|Any CPU
		{40EA03F7-8A22-4143-B251-79BAC3EB13D2}.Debug|x86.Build.0 = Debug|Any CPU
		{40EA03F7-8A22-4143-B251-79BAC3EB13D2}.Release|Any CPU.ActiveCfg = Release|Any CPU
		{40EA03F7-8A22-4143-B251-79BAC3EB13D2}.Release|Any CPU.Build.0 = Release|Any CPU
		{40EA03F7-8A22-4143-B251-79BAC3EB13D2}.Release|ARM.ActiveCfg = Release|Any CPU
		{40EA03F7-8A22-4143-B251-79BAC3EB13D2}.Release|ARM.Build.0 = Release|Any CPU
		{40EA03F7-8A22-4143-B251-79BAC3EB13D2}.Release|ARM64.ActiveCfg = Release|Any CPU
		{40EA03F7-8A22-4143-B251-79BAC3EB13D2}.Release|ARM64.Build.0 = Release|Any CPU
		{40EA03F7-8A22-4143-B251-79BAC3EB13D2}.Release|iPhone.ActiveCfg = Release|Any CPU
		{40EA03F7-8A22-4143-B251-79BAC3EB13D2}.Release|iPhone.Build.0 = Release|Any CPU
		{40EA03F7-8A22-4143-B251-79BAC3EB13D2}.Release|iPhoneSimulator.ActiveCfg = Release|Any CPU
		{40EA03F7-8A22-4143-B251-79BAC3EB13D2}.Release|iPhoneSimulator.Build.0 = Release|Any CPU
		{40EA03F7-8A22-4143-B251-79BAC3EB13D2}.Release|x64.ActiveCfg = Release|Any CPU
		{40EA03F7-8A22-4143-B251-79BAC3EB13D2}.Release|x64.Build.0 = Release|Any CPU
		{40EA03F7-8A22-4143-B251-79BAC3EB13D2}.Release|x86.ActiveCfg = Release|Any CPU
		{40EA03F7-8A22-4143-B251-79BAC3EB13D2}.Release|x86.Build.0 = Release|Any CPU

		{8FF35323-1F9D-4634-9D73-FEB301C71772}.Debug|Any CPU.ActiveCfg = Debug|iPhoneSimulator
		{8FF35323-1F9D-4634-9D73-FEB301C71772}.Debug|Any CPU.Build.0 = Debug|iPhoneSimulator
		{8FF35323-1F9D-4634-9D73-FEB301C71772}.Debug|ARM.ActiveCfg = Debug|iPhoneSimulator
		{8FF35323-1F9D-4634-9D73-FEB301C71772}.Debug|ARM64.ActiveCfg = Debug|iPhoneSimulator
		{8FF35323-1F9D-4634-9D73-FEB301C71772}.Debug|iPhone.ActiveCfg = Debug|iPhoneSimulator
		{8FF35323-1F9D-4634-9D73-FEB301C71772}.Debug|iPhone.Build.0 = Debug|iPhoneSimulator
		{8FF35323-1F9D-4634-9D73-FEB301C71772}.Debug|iPhoneSimulator.ActiveCfg = Debug|iPhoneSimulator
		{8FF35323-1F9D-4634-9D73-FEB301C71772}.Debug|iPhoneSimulator.Build.0 = Debug|iPhoneSimulator
		{8FF35323-1F9D-4634-9D73-FEB301C71772}.Debug|x64.ActiveCfg = Debug|iPhoneSimulator
		{8FF35323-1F9D-4634-9D73-FEB301C71772}.Debug|x64.Build.0 = Debug|iPhoneSimulator
		{8FF35323-1F9D-4634-9D73-FEB301C71772}.Debug|x86.ActiveCfg = Debug|iPhoneSimulator
		{8FF35323-1F9D-4634-9D73-FEB301C71772}.Debug|x86.Build.0 = Debug|iPhoneSimulator
		{8FF35323-1F9D-4634-9D73-FEB301C71772}.Release|Any CPU.ActiveCfg = Release|iPhoneSimulator
		{8FF35323-1F9D-4634-9D73-FEB301C71772}.Release|ARM.ActiveCfg = Release|iPhoneSimulator
		{8FF35323-1F9D-4634-9D73-FEB301C71772}.Release|ARM64.ActiveCfg = Release|iPhoneSimulator
		{8FF35323-1F9D-4634-9D73-FEB301C71772}.Release|iPhone.ActiveCfg = Release|iPhoneSimulator
		{8FF35323-1F9D-4634-9D73-FEB301C71772}.Release|iPhone.Build.0 = Release|iPhoneSimulator
		{8FF35323-1F9D-4634-9D73-FEB301C71772}.Release|iPhoneSimulator.ActiveCfg = Release|iPhoneSimulator
		{8FF35323-1F9D-4634-9D73-FEB301C71772}.Release|iPhoneSimulator.Build.0 = Release|iPhoneSimulator
		{8FF35323-1F9D-4634-9D73-FEB301C71772}.Release|x64.ActiveCfg = Release|iPhoneSimulator
		{8FF35323-1F9D-4634-9D73-FEB301C71772}.Release|x64.Build.0 = Release|iPhoneSimulator
		{8FF35323-1F9D-4634-9D73-FEB301C71772}.Release|x86.ActiveCfg = Release|iPhoneSimulator
		{8FF35323-1F9D-4634-9D73-FEB301C71772}.Release|x86.Build.0 = Release|iPhoneSimulator

		{04D3A50A-BD96-4168-A331-3AC5E63800DE}.Debug|Any CPU.ActiveCfg = Debug|arm64
		{04D3A50A-BD96-4168-A331-3AC5E63800DE}.Debug|Any CPU.Build.0 = Debug|arm64
		{04D3A50A-BD96-4168-A331-3AC5E63800DE}.Debug|ARM.ActiveCfg = Debug|Any CPU
		{04D3A50A-BD96-4168-A331-3AC5E63800DE}.Debug|ARM.Build.0 = Debug|Any CPU
		{04D3A50A-BD96-4168-A331-3AC5E63800DE}.Debug|ARM64.ActiveCfg = Debug|arm64
		{04D3A50A-BD96-4168-A331-3AC5E63800DE}.Debug|ARM64.Build.0 = Debug|arm64
		{04D3A50A-BD96-4168-A331-3AC5E63800DE}.Debug|iPhone.ActiveCfg = Debug|Any CPU
		{04D3A50A-BD96-4168-A331-3AC5E63800DE}.Debug|iPhone.Build.0 = Debug|Any CPU
		{04D3A50A-BD96-4168-A331-3AC5E63800DE}.Debug|iPhoneSimulator.ActiveCfg = Debug|Any CPU
		{04D3A50A-BD96-4168-A331-3AC5E63800DE}.Debug|iPhoneSimulator.Build.0 = Debug|Any CPU
		{04D3A50A-BD96-4168-A331-3AC5E63800DE}.Debug|x64.ActiveCfg = Debug|x64
		{04D3A50A-BD96-4168-A331-3AC5E63800DE}.Debug|x64.Build.0 = Debug|x64
		{04D3A50A-BD96-4168-A331-3AC5E63800DE}.Debug|x86.ActiveCfg = Debug|x86
		{04D3A50A-BD96-4168-A331-3AC5E63800DE}.Debug|x86.Build.0 = Debug|x86
		{04D3A50A-BD96-4168-A331-3AC5E63800DE}.Release|Any CPU.ActiveCfg = Release|Any CPU
		{04D3A50A-BD96-4168-A331-3AC5E63800DE}.Release|Any CPU.Build.0 = Release|Any CPU
		{04D3A50A-BD96-4168-A331-3AC5E63800DE}.Release|ARM.ActiveCfg = Release|Any CPU
		{04D3A50A-BD96-4168-A331-3AC5E63800DE}.Release|ARM.Build.0 = Release|Any CPU
		{04D3A50A-BD96-4168-A331-3AC5E63800DE}.Release|ARM64.ActiveCfg = Release|arm64
		{04D3A50A-BD96-4168-A331-3AC5E63800DE}.Release|ARM64.Build.0 = Release|arm64
		{04D3A50A-BD96-4168-A331-3AC5E63800DE}.Release|iPhone.ActiveCfg = Release|Any CPU
		{04D3A50A-BD96-4168-A331-3AC5E63800DE}.Release|iPhone.Build.0 = Release|Any CPU
		{04D3A50A-BD96-4168-A331-3AC5E63800DE}.Release|iPhoneSimulator.ActiveCfg = Release|Any CPU
		{04D3A50A-BD96-4168-A331-3AC5E63800DE}.Release|iPhoneSimulator.Build.0 = Release|Any CPU
		{04D3A50A-BD96-4168-A331-3AC5E63800DE}.Release|x64.ActiveCfg = Release|x64
		{04D3A50A-BD96-4168-A331-3AC5E63800DE}.Release|x64.Build.0 = Release|x64
		{04D3A50A-BD96-4168-A331-3AC5E63800DE}.Release|x86.ActiveCfg = Release|x86
		{04D3A50A-BD96-4168-A331-3AC5E63800DE}.Release|x86.Build.0 = Release|x86

	EndGlobalSection
	GlobalSection(SolutionProperties) = preSolution
		HideSolutionNode = FALSE
	EndGlobalSection
	GlobalSection(ExtensibilityGlobals) = postSolution
		SolutionGuid = {C7433AE2-B1A0-4C1A-887E-5CAA7AAF67A6}
	EndGlobalSection
EndGlobal
